
Microsoft Visual Studio Solution File, Format Version 12.00
# Visual Studio Version 16
VisualStudioVersion = 16.0.33927.289
MinimumVisualStudioVersion = 10.0.40219.1
Project("{FAE04EC0-301F-11D3-BF4B-00C04F79EFBC}") = "QLVinpearl_63130803", "QLVinpearl_63130803.csproj", "{87E2A4FD-FA1B-4B1B-8952-A00CBF881444}"
EndProject
Global
	GlobalSection(SolutionConfigurationPlatforms) = preSolution
		Debug|Any CPU = Debug|Any CPU
		Release|Any CPU = Release|Any CPU
	EndGlobalSection
	GlobalSection(ProjectConfigurationPlatforms) = postSolution
		{87E2A4FD-FA1B-4B1B-8952-A00CBF881444}.Debug|Any CPU.ActiveCfg = Debug|Any CPU
		{87E2A4FD-FA1B-4B1B-8952-A00CBF881444}.Debug|Any CPU.Build.0 = Debug|Any CPU
		{87E2A4FD-FA1B-4B1B-8952-A00CBF881444}.Release|Any CPU.ActiveCfg = Release|Any CPU
		{87E2A4FD-FA1B-4B1B-8952-A00CBF881444}.Release|Any CPU.Build.0 = Release|Any CPU
	EndGlobalSection
	GlobalSection(SolutionProperties) = preSolution
		HideSolutionNode = FALSE
	EndGlobalSection
	GlobalSection(ExtensibilityGlobals) = postSolution
		SolutionGuid = {39A81F01-C330-4983-9AD5-8D7DC8D2C8A9}
	EndGlobalSection
EndGlobal
